
Microsoft Visual Studio Solution File, Format Version 12.00
# Visual Studio Version 17
VisualStudioVersion = 17.1.32210.238
MinimumVisualStudioVersion = 10.0.40219.1
Project("{2150E333-8FDC-42A3-9474-1A3956D46DE8}") = "Plugins", "Plugins", "{50ECA1E3-A0CF-4DC6-B0D9-AB5668D17EC3}"
EndProject
Project("{2150E333-8FDC-42A3-9474-1A3956D46DE8}") = "Libraries", "Libraries", "{06762F99-9EA8-4E3E-91E8-73F2ED402CFB}"
EndProject
Project("{9A19103F-16F7-4668-BE54-9A1E7A4F7556}") = "RSBot.Core", "Library\RSBot.Core\RSBot.Core.csproj", "{84323C14-EB9F-44D9-8980-89C9F82DB4EE}"
EndProject
Project("{9A19103F-16F7-4668-BE54-9A1E7A4F7556}") = "RSBot.Chat", "Plugins\RSBot.Chat\RSBot.Chat.csproj", "{10CB2A7E-46CC-4427-986C-D2CCEE919DFB}"
EndProject
Project("{9A19103F-16F7-4668-BE54-9A1E7A4F7556}") = "RSBot.ServerInfo", "Plugins\RSBot.ServerInfo\RSBot.ServerInfo.csproj", "{647CAD93-E2DB-4D56-A6B6-D82DDC6DBF14}"
EndProject
Project("{9A19103F-16F7-4668-BE54-9A1E7A4F7556}") = "RSBot.General", "Plugins\RSBot.General\RSBot.General.csproj", "{1912F216-0ED6-45D5-A54D-6E5DCD3609B2}"
EndProject
Project("{9A19103F-16F7-4668-BE54-9A1E7A4F7556}") = "RSBot.Inventory", "Plugins\RSBot.Inventory\RSBot.Inventory.csproj", "{0CD455EA-A75D-4273-BE3E-DA570C783726}"
EndProject
Project("{9A19103F-16F7-4668-BE54-9A1E7A4F7556}") = "RSBot.Log", "Plugins\RSBot.Log\RSBot.Log.csproj", "{BF751457-F464-4E61-BDE7-ECA8C147BC93}"
EndProject
Project("{9A19103F-16F7-4668-BE54-9A1E7A4F7556}") = "RSBot.Map", "Plugins\RSBot.Map\RSBot.Map.csproj", "{977F3DA7-3963-414B-B474-63BA941CF726}"
EndProject
Project("{9A19103F-16F7-4668-BE54-9A1E7A4F7556}") = "RSBot.Party", "Plugins\RSBot.Party\RSBot.Party.csproj", "{31FA393B-4919-4BD8-B2B2-F75A8B5272AC}"
EndProject
Project("{9A19103F-16F7-4668-BE54-9A1E7A4F7556}") = "RSBot.Protection", "Plugins\RSBot.Protection\RSBot.Protection.csproj", "{72B9770E-8DDF-4D83-9B9A-8292FA989C47}"
EndProject
Project("{9A19103F-16F7-4668-BE54-9A1E7A4F7556}") = "RSBot.Items", "Plugins\RSBot.Items\RSBot.Items.csproj", "{2512902C-3EF4-4395-9925-258F49A5813B}"
EndProject
Project("{9A19103F-16F7-4668-BE54-9A1E7A4F7556}") = "RSBot.Skills", "Plugins\RSBot.Skills\RSBot.Skills.csproj", "{68324AEA-4BC0-4C76-8091-C3BBE6BB618C}"
EndProject
Project("{2150E333-8FDC-42A3-9474-1A3956D46DE8}") = "Botbases", "Botbases", "{981CBAF8-4F97-48A9-9A42-6682029D7508}"
EndProject
Project("{2150E333-8FDC-42A3-9474-1A3956D46DE8}") = "Application", "Application", "{AC1664CE-FD32-4A07-8C5C-0C96D973960C}"
EndProject
Project("{9A19103F-16F7-4668-BE54-9A1E7A4F7556}") = "RSBot.Training", "Botbases\RSBot.Training\RSBot.Training.csproj", "{BDDCA486-B41F-4CB5-AAB8-F15A5BBD0638}"
EndProject
Project("{9A19103F-16F7-4668-BE54-9A1E7A4F7556}") = "RSBot", "Application\RSBot\RSBot.csproj", "{259A396E-2479-493E-A360-6CAD48E3CB5E}"
	ProjectSection(ProjectDependencies) = postProject
		{0B1A2F9D-1CCC-4F73-9136-8D1EE5ECEFE3} = {0B1A2F9D-1CCC-4F73-9136-8D1EE5ECEFE3}
		{0CD455EA-A75D-4273-BE3E-DA570C783726} = {0CD455EA-A75D-4273-BE3E-DA570C783726}
		{10CB2A7E-46CC-4427-986C-D2CCEE919DFB} = {10CB2A7E-46CC-4427-986C-D2CCEE919DFB}
		{1912F216-0ED6-45D5-A54D-6E5DCD3609B2} = {1912F216-0ED6-45D5-A54D-6E5DCD3609B2}
		{1C0AECF2-7A9C-4EEE-BDD2-AF257118EC65} = {1C0AECF2-7A9C-4EEE-BDD2-AF257118EC65}
		{2512902C-3EF4-4395-9925-258F49A5813B} = {2512902C-3EF4-4395-9925-258F49A5813B}
		{31FA393B-4919-4BD8-B2B2-F75A8B5272AC} = {31FA393B-4919-4BD8-B2B2-F75A8B5272AC}
		{37414591-BE70-4333-B82F-EE7DC40F8D3A} = {37414591-BE70-4333-B82F-EE7DC40F8D3A}
		{43159571-287D-42E1-B262-A39DE07D6763} = {43159571-287D-42E1-B262-A39DE07D6763}
		{49078DE1-EAB9-4C56-9559-6CC9A8FB66B4} = {49078DE1-EAB9-4C56-9559-6CC9A8FB66B4}
		{510DABE3-AE3B-CE56-66AF-C9EB88915EEC} = {510DABE3-AE3B-CE56-66AF-C9EB88915EEC}
		{647CAD93-E2DB-4D56-A6B6-D82DDC6DBF14} = {647CAD93-E2DB-4D56-A6B6-D82DDC6DBF14}
		{68324AEA-4BC0-4C76-8091-C3BBE6BB618C} = {68324AEA-4BC0-4C76-8091-C3BBE6BB618C}
		{72B9770E-8DDF-4D83-9B9A-8292FA989C47} = {72B9770E-8DDF-4D83-9B9A-8292FA989C47}
		{73138C4E-E1C5-41F7-9F1E-05565CC8F87E} = {73138C4E-E1C5-41F7-9F1E-05565CC8F87E}
		{977F3DA7-3963-414B-B474-63BA941CF726} = {977F3DA7-3963-414B-B474-63BA941CF726}
		{AAD67163-BEF2-4C70-8E30-1D83058D9F7D} = {AAD67163-BEF2-4C70-8E30-1D83058D9F7D}
		{BDDCA486-B41F-4CB5-AAB8-F15A5BBD0638} = {BDDCA486-B41F-4CB5-AAB8-F15A5BBD0638}
		{BF751457-F464-4E61-BDE7-ECA8C147BC93} = {BF751457-F464-4E61-BDE7-ECA8C147BC93}
		{DDF07355-77E6-4A07-A83C-B90EE1B2A763} = {DDF07355-77E6-4A07-A83C-B90EE1B2A763}
		{E4DC5C65-9956-4696-9B89-043B20029EAA} = {E4DC5C65-9956-4696-9B89-043B20029EAA}
	EndProjectSection
EndProject
Project("{8BC9CEB8-8B4A-11D0-8D11-00A0C91BC942}") = "RSBot.Loader.Library", "Library\RSBot.Loader.Library\RSBot.Loader.Library.vcxproj", "{1C0AECF2-7A9C-4EEE-BDD2-AF257118EC65}"
EndProject
Project("{9A19103F-16F7-4668-BE54-9A1E7A4F7556}") = "RSBot.Statistics", "Plugins\RSBot.Statistics\RSBot.Statistics.csproj", "{37414591-BE70-4333-B82F-EE7DC40F8D3A}"
EndProject
Project("{9A19103F-16F7-4668-BE54-9A1E7A4F7556}") = "SDUI", "SDUI\SDUI\SDUI.csproj", "{38B06E05-D80D-4E99-9F62-8B3AF0B7AC53}"
EndProject
Project("{9A19103F-16F7-4668-BE54-9A1E7A4F7556}") = "RSBot.Alchemy", "Botbases\RSBot.Alchemy\RSBot.Alchemy.csproj", "{73138C4E-E1C5-41F7-9F1E-05565CC8F87E}"
EndProject
Project("{9A19103F-16F7-4668-BE54-9A1E7A4F7556}") = "RSBot.Lure", "Botbases\RSBot.Lure\RSBot.Lure.csproj", "{AAD67163-BEF2-4C70-8E30-1D83058D9F7D}"
EndProject
Project("{9A19103F-16F7-4668-BE54-9A1E7A4F7556}") = "RSBot.CommandCenter", "Plugins\RSBot.CommandCenter\RSBot.CommandCenter.csproj", "{0B1A2F9D-1CCC-4F73-9136-8D1EE5ECEFE3}"
EndProject
Project("{9A19103F-16F7-4668-BE54-9A1E7A4F7556}") = "RSBot.Trade", "Botbases\RSBot.Trade\RSBot.Trade.csproj", "{49078DE1-EAB9-4C56-9559-6CC9A8FB66B4}"
EndProject
Project("{9A19103F-16F7-4668-BE54-9A1E7A4F7556}") = "RSBot.Quest", "Plugins\RSBot.Quest\RSBot.Quest.csproj", "{DDF07355-77E6-4A07-A83C-B90EE1B2A763}"
EndProject
Project("{9A19103F-16F7-4668-BE54-9A1E7A4F7556}") = "RSBot.FileSystem", "Library\RSBot.FileSystem\RSBot.FileSystem.csproj", "{43159571-287D-42E1-B262-A39DE07D6763}"
EndProject
Project("{9A19103F-16F7-4668-BE54-9A1E7A4F7556}") = "RSBot.NavMeshApi", "Library\RSBot.NavMeshApi\RSBot.NavMeshApi.csproj", "{E4DC5C65-9956-4696-9B89-043B20029EAA}"
EndProject
Project("{FAE04EC0-301F-11D3-BF4B-00C04F79EFBC}") = "RSBot.Python", "Plugins\RSBot.Python\RSBot.Python.csproj", "{510DABE3-AE3B-CE56-66AF-C9EB88915EEC}"
EndProject
Global
	GlobalSection(SolutionConfigurationPlatforms) = preSolution
		Debug|Any CPU = Debug|Any CPU
		Debug|x64 = Debug|x64
		Debug|x86 = Debug|x86
		Release|Any CPU = Release|Any CPU
		Release|x64 = Release|x64
		Release|x86 = Release|x86
	EndGlobalSection
	GlobalSection(ProjectConfigurationPlatforms) = postSolution
		{84323C14-EB9F-44D9-8980-89C9F82DB4EE}.Debug|Any CPU.ActiveCfg = Debug|Any CPU
		{84323C14-EB9F-44D9-8980-89C9F82DB4EE}.Debug|Any CPU.Build.0 = Debug|Any CPU
		{84323C14-EB9F-44D9-8980-89C9F82DB4EE}.Debug|x64.ActiveCfg = Debug|Any CPU
		{84323C14-EB9F-44D9-8980-89C9F82DB4EE}.Debug|x64.Build.0 = Debug|Any CPU
		{84323C14-EB9F-44D9-8980-89C9F82DB4EE}.Debug|x86.ActiveCfg = Debug|Any CPU
		{84323C14-EB9F-44D9-8980-89C9F82DB4EE}.Debug|x86.Build.0 = Debug|Any CPU
		{84323C14-EB9F-44D9-8980-89C9F82DB4EE}.Release|Any CPU.ActiveCfg = Release|Any CPU
		{84323C14-EB9F-44D9-8980-89C9F82DB4EE}.Release|Any CPU.Build.0 = Release|Any CPU
		{84323C14-EB9F-44D9-8980-89C9F82DB4EE}.Release|x64.ActiveCfg = Release|Any CPU
		{84323C14-EB9F-44D9-8980-89C9F82DB4EE}.Release|x64.Build.0 = Release|Any CPU
		{84323C14-EB9F-44D9-8980-89C9F82DB4EE}.Release|x86.ActiveCfg = Release|Any CPU
		{84323C14-EB9F-44D9-8980-89C9F82DB4EE}.Release|x86.Build.0 = Release|Any CPU
		{10CB2A7E-46CC-4427-986C-D2CCEE919DFB}.Debug|Any CPU.ActiveCfg = Debug|Any CPU
		{10CB2A7E-46CC-4427-986C-D2CCEE919DFB}.Debug|Any CPU.Build.0 = Debug|Any CPU
		{10CB2A7E-46CC-4427-986C-D2CCEE919DFB}.Debug|x64.ActiveCfg = Debug|Any CPU
		{10CB2A7E-46CC-4427-986C-D2CCEE919DFB}.Debug|x64.Build.0 = Debug|Any CPU
		{10CB2A7E-46CC-4427-986C-D2CCEE919DFB}.Debug|x86.ActiveCfg = Debug|Any CPU
		{10CB2A7E-46CC-4427-986C-D2CCEE919DFB}.Debug|x86.Build.0 = Debug|Any CPU
		{10CB2A7E-46CC-4427-986C-D2CCEE919DFB}.Release|Any CPU.ActiveCfg = Release|Any CPU
		{10CB2A7E-46CC-4427-986C-D2CCEE919DFB}.Release|Any CPU.Build.0 = Release|Any CPU
		{10CB2A7E-46CC-4427-986C-D2CCEE919DFB}.Release|x64.ActiveCfg = Release|Any CPU
		{10CB2A7E-46CC-4427-986C-D2CCEE919DFB}.Release|x64.Build.0 = Release|Any CPU
		{10CB2A7E-46CC-4427-986C-D2CCEE919DFB}.Release|x86.ActiveCfg = Release|Any CPU
		{10CB2A7E-46CC-4427-986C-D2CCEE919DFB}.Release|x86.Build.0 = Release|Any CPU
		{647CAD93-E2DB-4D56-A6B6-D82DDC6DBF14}.Debug|Any CPU.ActiveCfg = Debug|Any CPU
		{647CAD93-E2DB-4D56-A6B6-D82DDC6DBF14}.Debug|Any CPU.Build.0 = Debug|Any CPU
		{647CAD93-E2DB-4D56-A6B6-D82DDC6DBF14}.Debug|x64.ActiveCfg = Debug|Any CPU
		{647CAD93-E2DB-4D56-A6B6-D82DDC6DBF14}.Debug|x64.Build.0 = Debug|Any CPU
		{647CAD93-E2DB-4D56-A6B6-D82DDC6DBF14}.Debug|x86.ActiveCfg = Debug|Any CPU
		{647CAD93-E2DB-4D56-A6B6-D82DDC6DBF14}.Debug|x86.Build.0 = Debug|Any CPU
		{647CAD93-E2DB-4D56-A6B6-D82DDC6DBF14}.Release|Any CPU.ActiveCfg = Release|Any CPU
		{647CAD93-E2DB-4D56-A6B6-D82DDC6DBF14}.Release|Any CPU.Build.0 = Release|Any CPU
		{647CAD93-E2DB-4D56-A6B6-D82DDC6DBF14}.Release|x64.ActiveCfg = Release|Any CPU
		{647CAD93-E2DB-4D56-A6B6-D82DDC6DBF14}.Release|x64.Build.0 = Release|Any CPU
		{647CAD93-E2DB-4D56-A6B6-D82DDC6DBF14}.Release|x86.ActiveCfg = Release|Any CPU
		{647CAD93-E2DB-4D56-A6B6-D82DDC6DBF14}.Release|x86.Build.0 = Release|Any CPU
		{1912F216-0ED6-45D5-A54D-6E5DCD3609B2}.Debug|Any CPU.ActiveCfg = Debug|Any CPU
		{1912F216-0ED6-45D5-A54D-6E5DCD3609B2}.Debug|Any CPU.Build.0 = Debug|Any CPU
		{1912F216-0ED6-45D5-A54D-6E5DCD3609B2}.Debug|x64.ActiveCfg = Debug|Any CPU
		{1912F216-0ED6-45D5-A54D-6E5DCD3609B2}.Debug|x64.Build.0 = Debug|Any CPU
		{1912F216-0ED6-45D5-A54D-6E5DCD3609B2}.Debug|x86.ActiveCfg = Debug|Any CPU
		{1912F216-0ED6-45D5-A54D-6E5DCD3609B2}.Debug|x86.Build.0 = Debug|Any CPU
		{1912F216-0ED6-45D5-A54D-6E5DCD3609B2}.Release|Any CPU.ActiveCfg = Release|Any CPU
		{1912F216-0ED6-45D5-A54D-6E5DCD3609B2}.Release|Any CPU.Build.0 = Release|Any CPU
		{1912F216-0ED6-45D5-A54D-6E5DCD3609B2}.Release|x64.ActiveCfg = Release|Any CPU
		{1912F216-0ED6-45D5-A54D-6E5DCD3609B2}.Release|x64.Build.0 = Release|Any CPU
		{1912F216-0ED6-45D5-A54D-6E5DCD3609B2}.Release|x86.ActiveCfg = Release|Any CPU
		{1912F216-0ED6-45D5-A54D-6E5DCD3609B2}.Release|x86.Build.0 = Release|Any CPU
		{0CD455EA-A75D-4273-BE3E-DA570C783726}.Debug|Any CPU.ActiveCfg = Debug|Any CPU
		{0CD455EA-A75D-4273-BE3E-DA570C783726}.Debug|Any CPU.Build.0 = Debug|Any CPU
		{0CD455EA-A75D-4273-BE3E-DA570C783726}.Debug|x64.ActiveCfg = Debug|Any CPU
		{0CD455EA-A75D-4273-BE3E-DA570C783726}.Debug|x64.Build.0 = Debug|Any CPU
		{0CD455EA-A75D-4273-BE3E-DA570C783726}.Debug|x86.ActiveCfg = Debug|Any CPU
		{0CD455EA-A75D-4273-BE3E-DA570C783726}.Debug|x86.Build.0 = Debug|Any CPU
		{0CD455EA-A75D-4273-BE3E-DA570C783726}.Release|Any CPU.ActiveCfg = Release|Any CPU
		{0CD455EA-A75D-4273-BE3E-DA570C783726}.Release|Any CPU.Build.0 = Release|Any CPU
		{0CD455EA-A75D-4273-BE3E-DA570C783726}.Release|x64.ActiveCfg = Release|Any CPU
		{0CD455EA-A75D-4273-BE3E-DA570C783726}.Release|x64.Build.0 = Release|Any CPU
		{0CD455EA-A75D-4273-BE3E-DA570C783726}.Release|x86.ActiveCfg = Release|Any CPU
		{0CD455EA-A75D-4273-BE3E-DA570C783726}.Release|x86.Build.0 = Release|Any CPU
		{BF751457-F464-4E61-BDE7-ECA8C147BC93}.Debug|Any CPU.ActiveCfg = Debug|Any CPU
		{BF751457-F464-4E61-BDE7-ECA8C147BC93}.Debug|Any CPU.Build.0 = Debug|Any CPU
		{BF751457-F464-4E61-BDE7-ECA8C147BC93}.Debug|x64.ActiveCfg = Debug|Any CPU
		{BF751457-F464-4E61-BDE7-ECA8C147BC93}.Debug|x64.Build.0 = Debug|Any CPU
		{BF751457-F464-4E61-BDE7-ECA8C147BC93}.Debug|x86.ActiveCfg = Debug|Any CPU
		{BF751457-F464-4E61-BDE7-ECA8C147BC93}.Debug|x86.Build.0 = Debug|Any CPU
		{BF751457-F464-4E61-BDE7-ECA8C147BC93}.Release|Any CPU.ActiveCfg = Release|Any CPU
		{BF751457-F464-4E61-BDE7-ECA8C147BC93}.Release|Any CPU.Build.0 = Release|Any CPU
		{BF751457-F464-4E61-BDE7-ECA8C147BC93}.Release|x64.ActiveCfg = Release|Any CPU
		{BF751457-F464-4E61-BDE7-ECA8C147BC93}.Release|x64.Build.0 = Release|Any CPU
		{BF751457-F464-4E61-BDE7-ECA8C147BC93}.Release|x86.ActiveCfg = Release|Any CPU
		{BF751457-F464-4E61-BDE7-ECA8C147BC93}.Release|x86.Build.0 = Release|Any CPU
		{977F3DA7-3963-414B-B474-63BA941CF726}.Debug|Any CPU.ActiveCfg = Debug|Any CPU
		{977F3DA7-3963-414B-B474-63BA941CF726}.Debug|Any CPU.Build.0 = Debug|Any CPU
		{977F3DA7-3963-414B-B474-63BA941CF726}.Debug|x64.ActiveCfg = Debug|Any CPU
		{977F3DA7-3963-414B-B474-63BA941CF726}.Debug|x64.Build.0 = Debug|Any CPU
		{977F3DA7-3963-414B-B474-63BA941CF726}.Debug|x86.ActiveCfg = Debug|Any CPU
		{977F3DA7-3963-414B-B474-63BA941CF726}.Debug|x86.Build.0 = Debug|Any CPU
		{977F3DA7-3963-414B-B474-63BA941CF726}.Release|Any CPU.ActiveCfg = Release|Any CPU
		{977F3DA7-3963-414B-B474-63BA941CF726}.Release|Any CPU.Build.0 = Release|Any CPU
		{977F3DA7-3963-414B-B474-63BA941CF726}.Release|x64.ActiveCfg = Release|Any CPU
		{977F3DA7-3963-414B-B474-63BA941CF726}.Release|x64.Build.0 = Release|Any CPU
		{977F3DA7-3963-414B-B474-63BA941CF726}.Release|x86.ActiveCfg = Release|Any CPU
		{977F3DA7-3963-414B-B474-63BA941CF726}.Release|x86.Build.0 = Release|Any CPU
		{31FA393B-4919-4BD8-B2B2-F75A8B5272AC}.Debug|Any CPU.ActiveCfg = Debug|Any CPU
		{31FA393B-4919-4BD8-B2B2-F75A8B5272AC}.Debug|Any CPU.Build.0 = Debug|Any CPU
		{31FA393B-4919-4BD8-B2B2-F75A8B5272AC}.Debug|x64.ActiveCfg = Debug|Any CPU
		{31FA393B-4919-4BD8-B2B2-F75A8B5272AC}.Debug|x64.Build.0 = Debug|Any CPU
		{31FA393B-4919-4BD8-B2B2-F75A8B5272AC}.Debug|x86.ActiveCfg = Debug|Any CPU
		{31FA393B-4919-4BD8-B2B2-F75A8B5272AC}.Debug|x86.Build.0 = Debug|Any CPU
		{31FA393B-4919-4BD8-B2B2-F75A8B5272AC}.Release|Any CPU.ActiveCfg = Release|Any CPU
		{31FA393B-4919-4BD8-B2B2-F75A8B5272AC}.Release|Any CPU.Build.0 = Release|Any CPU
		{31FA393B-4919-4BD8-B2B2-F75A8B5272AC}.Release|x64.ActiveCfg = Release|Any CPU
		{31FA393B-4919-4BD8-B2B2-F75A8B5272AC}.Release|x64.Build.0 = Release|Any CPU
		{31FA393B-4919-4BD8-B2B2-F75A8B5272AC}.Release|x86.ActiveCfg = Release|Any CPU
		{31FA393B-4919-4BD8-B2B2-F75A8B5272AC}.Release|x86.Build.0 = Release|Any CPU
		{72B9770E-8DDF-4D83-9B9A-8292FA989C47}.Debug|Any CPU.ActiveCfg = Debug|Any CPU
		{72B9770E-8DDF-4D83-9B9A-8292FA989C47}.Debug|Any CPU.Build.0 = Debug|Any CPU
		{72B9770E-8DDF-4D83-9B9A-8292FA989C47}.Debug|x64.ActiveCfg = Debug|Any CPU
		{72B9770E-8DDF-4D83-9B9A-8292FA989C47}.Debug|x64.Build.0 = Debug|Any CPU
		{72B9770E-8DDF-4D83-9B9A-8292FA989C47}.Debug|x86.ActiveCfg = Debug|Any CPU
		{72B9770E-8DDF-4D83-9B9A-8292FA989C47}.Debug|x86.Build.0 = Debug|Any CPU
		{72B9770E-8DDF-4D83-9B9A-8292FA989C47}.Release|Any CPU.ActiveCfg = Release|Any CPU
		{72B9770E-8DDF-4D83-9B9A-8292FA989C47}.Release|Any CPU.Build.0 = Release|Any CPU
		{72B9770E-8DDF-4D83-9B9A-8292FA989C47}.Release|x64.ActiveCfg = Release|Any CPU
		{72B9770E-8DDF-4D83-9B9A-8292FA989C47}.Release|x64.Build.0 = Release|Any CPU
		{72B9770E-8DDF-4D83-9B9A-8292FA989C47}.Release|x86.ActiveCfg = Release|Any CPU
		{72B9770E-8DDF-4D83-9B9A-8292FA989C47}.Release|x86.Build.0 = Release|Any CPU
		{2512902C-3EF4-4395-9925-258F49A5813B}.Debug|Any CPU.ActiveCfg = Debug|Any CPU
		{2512902C-3EF4-4395-9925-258F49A5813B}.Debug|Any CPU.Build.0 = Debug|Any CPU
		{2512902C-3EF4-4395-9925-258F49A5813B}.Debug|x64.ActiveCfg = Debug|Any CPU
		{2512902C-3EF4-4395-9925-258F49A5813B}.Debug|x64.Build.0 = Debug|Any CPU
		{2512902C-3EF4-4395-9925-258F49A5813B}.Debug|x86.ActiveCfg = Debug|Any CPU
		{2512902C-3EF4-4395-9925-258F49A5813B}.Debug|x86.Build.0 = Debug|Any CPU
		{2512902C-3EF4-4395-9925-258F49A5813B}.Release|Any CPU.ActiveCfg = Release|Any CPU
		{2512902C-3EF4-4395-9925-258F49A5813B}.Release|Any CPU.Build.0 = Release|Any CPU
		{2512902C-3EF4-4395-9925-258F49A5813B}.Release|x64.ActiveCfg = Release|Any CPU
		{2512902C-3EF4-4395-9925-258F49A5813B}.Release|x64.Build.0 = Release|Any CPU
		{2512902C-3EF4-4395-9925-258F49A5813B}.Release|x86.ActiveCfg = Release|Any CPU
		{2512902C-3EF4-4395-9925-258F49A5813B}.Release|x86.Build.0 = Release|Any CPU
		{68324AEA-4BC0-4C76-8091-C3BBE6BB618C}.Debug|Any CPU.ActiveCfg = Debug|Any CPU
		{68324AEA-4BC0-4C76-8091-C3BBE6BB618C}.Debug|Any CPU.Build.0 = Debug|Any CPU
		{68324AEA-4BC0-4C76-8091-C3BBE6BB618C}.Debug|x64.ActiveCfg = Debug|Any CPU
		{68324AEA-4BC0-4C76-8091-C3BBE6BB618C}.Debug|x64.Build.0 = Debug|Any CPU
		{68324AEA-4BC0-4C76-8091-C3BBE6BB618C}.Debug|x86.ActiveCfg = Debug|Any CPU
		{68324AEA-4BC0-4C76-8091-C3BBE6BB618C}.Debug|x86.Build.0 = Debug|Any CPU
		{68324AEA-4BC0-4C76-8091-C3BBE6BB618C}.Release|Any CPU.ActiveCfg = Release|Any CPU
		{68324AEA-4BC0-4C76-8091-C3BBE6BB618C}.Release|Any CPU.Build.0 = Release|Any CPU
		{68324AEA-4BC0-4C76-8091-C3BBE6BB618C}.Release|x64.ActiveCfg = Release|Any CPU
		{68324AEA-4BC0-4C76-8091-C3BBE6BB618C}.Release|x64.Build.0 = Release|Any CPU
		{68324AEA-4BC0-4C76-8091-C3BBE6BB618C}.Release|x86.ActiveCfg = Release|Any CPU
		{68324AEA-4BC0-4C76-8091-C3BBE6BB618C}.Release|x86.Build.0 = Release|Any CPU
		{BDDCA486-B41F-4CB5-AAB8-F15A5BBD0638}.Debug|Any CPU.ActiveCfg = Debug|Any CPU
		{BDDCA486-B41F-4CB5-AAB8-F15A5BBD0638}.Debug|Any CPU.Build.0 = Debug|Any CPU
		{BDDCA486-B41F-4CB5-AAB8-F15A5BBD0638}.Debug|x64.ActiveCfg = Debug|Any CPU
		{BDDCA486-B41F-4CB5-AAB8-F15A5BBD0638}.Debug|x64.Build.0 = Debug|Any CPU
		{BDDCA486-B41F-4CB5-AAB8-F15A5BBD0638}.Debug|x86.ActiveCfg = Debug|Any CPU
		{BDDCA486-B41F-4CB5-AAB8-F15A5BBD0638}.Debug|x86.Build.0 = Debug|Any CPU
		{BDDCA486-B41F-4CB5-AAB8-F15A5BBD0638}.Release|Any CPU.ActiveCfg = Release|Any CPU
		{BDDCA486-B41F-4CB5-AAB8-F15A5BBD0638}.Release|Any CPU.Build.0 = Release|Any CPU
		{BDDCA486-B41F-4CB5-AAB8-F15A5BBD0638}.Release|x64.ActiveCfg = Release|Any CPU
		{BDDCA486-B41F-4CB5-AAB8-F15A5BBD0638}.Release|x64.Build.0 = Release|Any CPU
		{BDDCA486-B41F-4CB5-AAB8-F15A5BBD0638}.Release|x86.ActiveCfg = Release|Any CPU
		{BDDCA486-B41F-4CB5-AAB8-F15A5BBD0638}.Release|x86.Build.0 = Release|Any CPU
		{259A396E-2479-493E-A360-6CAD48E3CB5E}.Debug|Any CPU.ActiveCfg = Debug|Any CPU
		{259A396E-2479-493E-A360-6CAD48E3CB5E}.Debug|Any CPU.Build.0 = Debug|Any CPU
		{259A396E-2479-493E-A360-6CAD48E3CB5E}.Debug|x64.ActiveCfg = Debug|Any CPU
		{259A396E-2479-493E-A360-6CAD48E3CB5E}.Debug|x64.Build.0 = Debug|Any CPU
		{259A396E-2479-493E-A360-6CAD48E3CB5E}.Debug|x86.ActiveCfg = Debug|Any CPU
		{259A396E-2479-493E-A360-6CAD48E3CB5E}.Debug|x86.Build.0 = Debug|Any CPU
		{259A396E-2479-493E-A360-6CAD48E3CB5E}.Release|Any CPU.ActiveCfg = Release|Any CPU
		{259A396E-2479-493E-A360-6CAD48E3CB5E}.Release|Any CPU.Build.0 = Release|Any CPU
		{259A396E-2479-493E-A360-6CAD48E3CB5E}.Release|x64.ActiveCfg = Release|Any CPU
		{259A396E-2479-493E-A360-6CAD48E3CB5E}.Release|x64.Build.0 = Release|Any CPU
		{259A396E-2479-493E-A360-6CAD48E3CB5E}.Release|x86.ActiveCfg = Release|Any CPU
		{259A396E-2479-493E-A360-6CAD48E3CB5E}.Release|x86.Build.0 = Release|Any CPU
		{1C0AECF2-7A9C-4EEE-BDD2-AF257118EC65}.Debug|Any CPU.ActiveCfg = Release|Win32
		{1C0AECF2-7A9C-4EEE-BDD2-AF257118EC65}.Debug|Any CPU.Build.0 = Release|Win32
		{1C0AECF2-7A9C-4EEE-BDD2-AF257118EC65}.Debug|x64.ActiveCfg = Release|x64
		{1C0AECF2-7A9C-4EEE-BDD2-AF257118EC65}.Debug|x64.Build.0 = Release|x64
		{1C0AECF2-7A9C-4EEE-BDD2-AF257118EC65}.Debug|x86.ActiveCfg = Release|Win32
		{1C0AECF2-7A9C-4EEE-BDD2-AF257118EC65}.Debug|x86.Build.0 = Release|Win32
		{1C0AECF2-7A9C-4EEE-BDD2-AF257118EC65}.Release|Any CPU.ActiveCfg = Release|Win32
		{1C0AECF2-7A9C-4EEE-BDD2-AF257118EC65}.Release|Any CPU.Build.0 = Release|Win32
		{1C0AECF2-7A9C-4EEE-BDD2-AF257118EC65}.Release|x64.ActiveCfg = Release|x64
		{1C0AECF2-7A9C-4EEE-BDD2-AF257118EC65}.Release|x64.Build.0 = Release|x64
		{1C0AECF2-7A9C-4EEE-BDD2-AF257118EC65}.Release|x86.ActiveCfg = Release|Win32
		{1C0AECF2-7A9C-4EEE-BDD2-AF257118EC65}.Release|x86.Build.0 = Release|Win32
		{37414591-BE70-4333-B82F-EE7DC40F8D3A}.Debug|Any CPU.ActiveCfg = Debug|Any CPU
		{37414591-BE70-4333-B82F-EE7DC40F8D3A}.Debug|Any CPU.Build.0 = Debug|Any CPU
		{37414591-BE70-4333-B82F-EE7DC40F8D3A}.Debug|x64.ActiveCfg = Debug|Any CPU
		{37414591-BE70-4333-B82F-EE7DC40F8D3A}.Debug|x64.Build.0 = Debug|Any CPU
		{37414591-BE70-4333-B82F-EE7DC40F8D3A}.Debug|x86.ActiveCfg = Debug|Any CPU
		{37414591-BE70-4333-B82F-EE7DC40F8D3A}.Debug|x86.Build.0 = Debug|Any CPU
		{37414591-BE70-4333-B82F-EE7DC40F8D3A}.Release|Any CPU.ActiveCfg = Release|Any CPU
		{37414591-BE70-4333-B82F-EE7DC40F8D3A}.Release|Any CPU.Build.0 = Release|Any CPU
		{37414591-BE70-4333-B82F-EE7DC40F8D3A}.Release|x64.ActiveCfg = Release|Any CPU
		{37414591-BE70-4333-B82F-EE7DC40F8D3A}.Release|x64.Build.0 = Release|Any CPU
		{37414591-BE70-4333-B82F-EE7DC40F8D3A}.Release|x86.ActiveCfg = Release|Any CPU
		{37414591-BE70-4333-B82F-EE7DC40F8D3A}.Release|x86.Build.0 = Release|Any CPU
		{38B06E05-D80D-4E99-9F62-8B3AF0B7AC53}.Debug|Any CPU.ActiveCfg = Debug|Any CPU
		{38B06E05-D80D-4E99-9F62-8B3AF0B7AC53}.Debug|Any CPU.Build.0 = Debug|Any CPU
		{38B06E05-D80D-4E99-9F62-8B3AF0B7AC53}.Debug|x64.ActiveCfg = Debug|Any CPU
		{38B06E05-D80D-4E99-9F62-8B3AF0B7AC53}.Debug|x64.Build.0 = Debug|Any CPU
		{38B06E05-D80D-4E99-9F62-8B3AF0B7AC53}.Debug|x86.ActiveCfg = Debug|Any CPU
		{38B06E05-D80D-4E99-9F62-8B3AF0B7AC53}.Debug|x86.Build.0 = Debug|Any CPU
		{38B06E05-D80D-4E99-9F62-8B3AF0B7AC53}.Release|Any CPU.ActiveCfg = Release|Any CPU
		{38B06E05-D80D-4E99-9F62-8B3AF0B7AC53}.Release|Any CPU.Build.0 = Release|Any CPU
		{38B06E05-D80D-4E99-9F62-8B3AF0B7AC53}.Release|x64.ActiveCfg = Release|Any CPU
		{38B06E05-D80D-4E99-9F62-8B3AF0B7AC53}.Release|x64.Build.0 = Release|Any CPU
		{38B06E05-D80D-4E99-9F62-8B3AF0B7AC53}.Release|x86.ActiveCfg = Release|Any CPU
		{38B06E05-D80D-4E99-9F62-8B3AF0B7AC53}.Release|x86.Build.0 = Release|Any CPU
		{73138C4E-E1C5-41F7-9F1E-05565CC8F87E}.Debug|Any CPU.ActiveCfg = Debug|Any CPU
		{73138C4E-E1C5-41F7-9F1E-05565CC8F87E}.Debug|Any CPU.Build.0 = Debug|Any CPU
		{73138C4E-E1C5-41F7-9F1E-05565CC8F87E}.Debug|x64.ActiveCfg = Debug|Any CPU
		{73138C4E-E1C5-41F7-9F1E-05565CC8F87E}.Debug|x64.Build.0 = Debug|Any CPU
		{73138C4E-E1C5-41F7-9F1E-05565CC8F87E}.Debug|x86.ActiveCfg = Debug|Any CPU
		{73138C4E-E1C5-41F7-9F1E-05565CC8F87E}.Debug|x86.Build.0 = Debug|Any CPU
		{73138C4E-E1C5-41F7-9F1E-05565CC8F87E}.Release|Any CPU.ActiveCfg = Release|Any CPU
		{73138C4E-E1C5-41F7-9F1E-05565CC8F87E}.Release|Any CPU.Build.0 = Release|Any CPU
		{73138C4E-E1C5-41F7-9F1E-05565CC8F87E}.Release|x64.ActiveCfg = Release|Any CPU
		{73138C4E-E1C5-41F7-9F1E-05565CC8F87E}.Release|x64.Build.0 = Release|Any CPU
		{73138C4E-E1C5-41F7-9F1E-05565CC8F87E}.Release|x86.ActiveCfg = Release|Any CPU
		{73138C4E-E1C5-41F7-9F1E-05565CC8F87E}.Release|x86.Build.0 = Release|Any CPU
		{AAD67163-BEF2-4C70-8E30-1D83058D9F7D}.Debug|Any CPU.ActiveCfg = Debug|Any CPU
		{AAD67163-BEF2-4C70-8E30-1D83058D9F7D}.Debug|Any CPU.Build.0 = Debug|Any CPU
		{AAD67163-BEF2-4C70-8E30-1D83058D9F7D}.Debug|x64.ActiveCfg = Debug|Any CPU
		{AAD67163-BEF2-4C70-8E30-1D83058D9F7D}.Debug|x64.Build.0 = Debug|Any CPU
		{AAD67163-BEF2-4C70-8E30-1D83058D9F7D}.Debug|x86.ActiveCfg = Debug|Any CPU
		{AAD67163-BEF2-4C70-8E30-1D83058D9F7D}.Debug|x86.Build.0 = Debug|Any CPU
		{AAD67163-BEF2-4C70-8E30-1D83058D9F7D}.Release|Any CPU.ActiveCfg = Release|Any CPU
		{AAD67163-BEF2-4C70-8E30-1D83058D9F7D}.Release|Any CPU.Build.0 = Release|Any CPU
		{AAD67163-BEF2-4C70-8E30-1D83058D9F7D}.Release|x64.ActiveCfg = Release|Any CPU
		{AAD67163-BEF2-4C70-8E30-1D83058D9F7D}.Release|x64.Build.0 = Release|Any CPU
		{AAD67163-BEF2-4C70-8E30-1D83058D9F7D}.Release|x86.ActiveCfg = Release|Any CPU
		{AAD67163-BEF2-4C70-8E30-1D83058D9F7D}.Release|x86.Build.0 = Release|Any CPU
		{0B1A2F9D-1CCC-4F73-9136-8D1EE5ECEFE3}.Debug|Any CPU.ActiveCfg = Debug|Any CPU
		{0B1A2F9D-1CCC-4F73-9136-8D1EE5ECEFE3}.Debug|Any CPU.Build.0 = Debug|Any CPU
		{0B1A2F9D-1CCC-4F73-9136-8D1EE5ECEFE3}.Debug|x64.ActiveCfg = Debug|Any CPU
		{0B1A2F9D-1CCC-4F73-9136-8D1EE5ECEFE3}.Debug|x64.Build.0 = Debug|Any CPU
		{0B1A2F9D-1CCC-4F73-9136-8D1EE5ECEFE3}.Debug|x86.ActiveCfg = Debug|Any CPU
		{0B1A2F9D-1CCC-4F73-9136-8D1EE5ECEFE3}.Debug|x86.Build.0 = Debug|Any CPU
		{0B1A2F9D-1CCC-4F73-9136-8D1EE5ECEFE3}.Release|Any CPU.ActiveCfg = Release|Any CPU
		{0B1A2F9D-1CCC-4F73-9136-8D1EE5ECEFE3}.Release|Any CPU.Build.0 = Release|Any CPU
		{0B1A2F9D-1CCC-4F73-9136-8D1EE5ECEFE3}.Release|x64.ActiveCfg = Release|Any CPU
		{0B1A2F9D-1CCC-4F73-9136-8D1EE5ECEFE3}.Release|x64.Build.0 = Release|Any CPU
		{0B1A2F9D-1CCC-4F73-9136-8D1EE5ECEFE3}.Release|x86.ActiveCfg = Release|Any CPU
		{0B1A2F9D-1CCC-4F73-9136-8D1EE5ECEFE3}.Release|x86.Build.0 = Release|Any CPU
		{49078DE1-EAB9-4C56-9559-6CC9A8FB66B4}.Debug|Any CPU.ActiveCfg = Debug|Any CPU
		{49078DE1-EAB9-4C56-9559-6CC9A8FB66B4}.Debug|Any CPU.Build.0 = Debug|Any CPU
		{49078DE1-EAB9-4C56-9559-6CC9A8FB66B4}.Debug|x64.ActiveCfg = Debug|Any CPU
		{49078DE1-EAB9-4C56-9559-6CC9A8FB66B4}.Debug|x64.Build.0 = Debug|Any CPU
		{49078DE1-EAB9-4C56-9559-6CC9A8FB66B4}.Debug|x86.ActiveCfg = Debug|Any CPU
		{49078DE1-EAB9-4C56-9559-6CC9A8FB66B4}.Debug|x86.Build.0 = Debug|Any CPU
		{49078DE1-EAB9-4C56-9559-6CC9A8FB66B4}.Release|Any CPU.ActiveCfg = Release|Any CPU
		{49078DE1-EAB9-4C56-9559-6CC9A8FB66B4}.Release|Any CPU.Build.0 = Release|Any CPU
		{49078DE1-EAB9-4C56-9559-6CC9A8FB66B4}.Release|x64.ActiveCfg = Release|Any CPU
		{49078DE1-EAB9-4C56-9559-6CC9A8FB66B4}.Release|x64.Build.0 = Release|Any CPU
		{49078DE1-EAB9-4C56-9559-6CC9A8FB66B4}.Release|x86.ActiveCfg = Release|Any CPU
		{49078DE1-EAB9-4C56-9559-6CC9A8FB66B4}.Release|x86.Build.0 = Release|Any CPU
		{DDF07355-77E6-4A07-A83C-B90EE1B2A763}.Debug|Any CPU.ActiveCfg = Debug|Any CPU
		{DDF07355-77E6-4A07-A83C-B90EE1B2A763}.Debug|Any CPU.Build.0 = Debug|Any CPU
		{DDF07355-77E6-4A07-A83C-B90EE1B2A763}.Debug|x64.ActiveCfg = Debug|Any CPU
		{DDF07355-77E6-4A07-A83C-B90EE1B2A763}.Debug|x64.Build.0 = Debug|Any CPU
		{DDF07355-77E6-4A07-A83C-B90EE1B2A763}.Debug|x86.ActiveCfg = Debug|Any CPU
		{DDF07355-77E6-4A07-A83C-B90EE1B2A763}.Debug|x86.Build.0 = Debug|Any CPU
		{DDF07355-77E6-4A07-A83C-B90EE1B2A763}.Release|Any CPU.ActiveCfg = Release|Any CPU
		{DDF07355-77E6-4A07-A83C-B90EE1B2A763}.Release|Any CPU.Build.0 = Release|Any CPU
		{DDF07355-77E6-4A07-A83C-B90EE1B2A763}.Release|x64.ActiveCfg = Release|Any CPU
		{DDF07355-77E6-4A07-A83C-B90EE1B2A763}.Release|x64.Build.0 = Release|Any CPU
		{DDF07355-77E6-4A07-A83C-B90EE1B2A763}.Release|x86.ActiveCfg = Release|Any CPU
		{DDF07355-77E6-4A07-A83C-B90EE1B2A763}.Release|x86.Build.0 = Release|Any CPU
		{43159571-287D-42E1-B262-A39DE07D6763}.Debug|Any CPU.ActiveCfg = Debug|Any CPU
		{43159571-287D-42E1-B262-A39DE07D6763}.Debug|Any CPU.Build.0 = Debug|Any CPU
		{43159571-287D-42E1-B262-A39DE07D6763}.Debug|x64.ActiveCfg = Debug|Any CPU
		{43159571-287D-42E1-B262-A39DE07D6763}.Debug|x64.Build.0 = Debug|Any CPU
		{43159571-287D-42E1-B262-A39DE07D6763}.Debug|x86.ActiveCfg = Debug|Any CPU
		{43159571-287D-42E1-B262-A39DE07D6763}.Debug|x86.Build.0 = Debug|Any CPU
		{43159571-287D-42E1-B262-A39DE07D6763}.Release|Any CPU.ActiveCfg = Release|Any CPU
		{43159571-287D-42E1-B262-A39DE07D6763}.Release|Any CPU.Build.0 = Release|Any CPU
		{43159571-287D-42E1-B262-A39DE07D6763}.Release|x64.ActiveCfg = Release|Any CPU
		{43159571-287D-42E1-B262-A39DE07D6763}.Release|x64.Build.0 = Release|Any CPU
		{43159571-287D-42E1-B262-A39DE07D6763}.Release|x86.ActiveCfg = Release|Any CPU
		{43159571-287D-42E1-B262-A39DE07D6763}.Release|x86.Build.0 = Release|Any CPU
		{E4DC5C65-9956-4696-9B89-043B20029EAA}.Debug|Any CPU.ActiveCfg = Debug|Any CPU
		{E4DC5C65-9956-4696-9B89-043B20029EAA}.Debug|Any CPU.Build.0 = Debug|Any CPU
		{E4DC5C65-9956-4696-9B89-043B20029EAA}.Debug|x64.ActiveCfg = Debug|Any CPU
		{E4DC5C65-9956-4696-9B89-043B20029EAA}.Debug|x64.Build.0 = Debug|Any CPU
		{E4DC5C65-9956-4696-9B89-043B20029EAA}.Debug|x86.ActiveCfg = Debug|Any CPU
		{E4DC5C65-9956-4696-9B89-043B20029EAA}.Debug|x86.Build.0 = Debug|Any CPU
		{E4DC5C65-9956-4696-9B89-043B20029EAA}.Release|Any CPU.ActiveCfg = Release|Any CPU
		{E4DC5C65-9956-4696-9B89-043B20029EAA}.Release|Any CPU.Build.0 = Release|Any CPU
		{E4DC5C65-9956-4696-9B89-043B20029EAA}.Release|x64.ActiveCfg = Release|Any CPU
		{E4DC5C65-9956-4696-9B89-043B20029EAA}.Release|x64.Build.0 = Release|Any CPU
		{E4DC5C65-9956-4696-9B89-043B20029EAA}.Release|x86.ActiveCfg = Release|Any CPU
		{E4DC5C65-9956-4696-9B89-043B20029EAA}.Release|x86.Build.0 = Release|Any CPU
		{510DABE3-AE3B-CE56-66AF-C9EB88915EEC}.Debug|Any CPU.ActiveCfg = Debug|Any CPU
		{510DABE3-AE3B-CE56-66AF-C9EB88915EEC}.Debug|Any CPU.Build.0 = Debug|Any CPU
		{510DABE3-AE3B-CE56-66AF-C9EB88915EEC}.Debug|x64.ActiveCfg = Debug|Any CPU
		{510DABE3-AE3B-CE56-66AF-C9EB88915EEC}.Debug|x64.Build.0 = Debug|Any CPU
		{510DABE3-AE3B-CE56-66AF-C9EB88915EEC}.Debug|x86.ActiveCfg = Debug|Any CPU
		{510DABE3-AE3B-CE56-66AF-C9EB88915EEC}.Debug|x86.Build.0 = Debug|Any CPU
		{510DABE3-AE3B-CE56-66AF-C9EB88915EEC}.Release|Any CPU.ActiveCfg = Release|Any CPU
		{510DABE3-AE3B-CE56-66AF-C9EB88915EEC}.Release|Any CPU.Build.0 = Release|Any CPU
		{510DABE3-AE3B-CE56-66AF-C9EB88915EEC}.Release|x64.ActiveCfg = Release|Any CPU
		{510DABE3-AE3B-CE56-66AF-C9EB88915EEC}.Release|x64.Build.0 = Release|Any CPU
		{510DABE3-AE3B-CE56-66AF-C9EB88915EEC}.Release|x86.ActiveCfg = Release|Any CPU
		{510DABE3-AE3B-CE56-66AF-C9EB88915EEC}.Release|x86.Build.0 = Release|Any CPU
	EndGlobalSection
	GlobalSection(SolutionProperties) = preSolution
		HideSolutionNode = FALSE
	EndGlobalSection
	GlobalSection(NestedProjects) = preSolution
		{84323C14-EB9F-44D9-8980-89C9F82DB4EE} = {06762F99-9EA8-4E3E-91E8-73F2ED402CFB}
		{10CB2A7E-46CC-4427-986C-D2CCEE919DFB} = {50ECA1E3-A0CF-4DC6-B0D9-AB5668D17EC3}
		{647CAD93-E2DB-4D56-A6B6-D82DDC6DBF14} = {50ECA1E3-A0CF-4DC6-B0D9-AB5668D17EC3}
		{1912F216-0ED6-45D5-A54D-6E5DCD3609B2} = {50ECA1E3-A0CF-4DC6-B0D9-AB5668D17EC3}
		{0CD455EA-A75D-4273-BE3E-DA570C783726} = {50ECA1E3-A0CF-4DC6-B0D9-AB5668D17EC3}
		{BF751457-F464-4E61-BDE7-ECA8C147BC93} = {50ECA1E3-A0CF-4DC6-B0D9-AB5668D17EC3}
		{977F3DA7-3963-414B-B474-63BA941CF726} = {50ECA1E3-A0CF-4DC6-B0D9-AB5668D17EC3}
		{31FA393B-4919-4BD8-B2B2-F75A8B5272AC} = {50ECA1E3-A0CF-4DC6-B0D9-AB5668D17EC3}
		{72B9770E-8DDF-4D83-9B9A-8292FA989C47} = {50ECA1E3-A0CF-4DC6-B0D9-AB5668D17EC3}
		{2512902C-3EF4-4395-9925-258F49A5813B} = {50ECA1E3-A0CF-4DC6-B0D9-AB5668D17EC3}
		{68324AEA-4BC0-4C76-8091-C3BBE6BB618C} = {50ECA1E3-A0CF-4DC6-B0D9-AB5668D17EC3}
		{BDDCA486-B41F-4CB5-AAB8-F15A5BBD0638} = {981CBAF8-4F97-48A9-9A42-6682029D7508}
		{259A396E-2479-493E-A360-6CAD48E3CB5E} = {AC1664CE-FD32-4A07-8C5C-0C96D973960C}
		{1C0AECF2-7A9C-4EEE-BDD2-AF257118EC65} = {06762F99-9EA8-4E3E-91E8-73F2ED402CFB}
		{37414591-BE70-4333-B82F-EE7DC40F8D3A} = {50ECA1E3-A0CF-4DC6-B0D9-AB5668D17EC3}
		{38B06E05-D80D-4E99-9F62-8B3AF0B7AC53} = {06762F99-9EA8-4E3E-91E8-73F2ED402CFB}
		{73138C4E-E1C5-41F7-9F1E-05565CC8F87E} = {981CBAF8-4F97-48A9-9A42-6682029D7508}
		{AAD67163-BEF2-4C70-8E30-1D83058D9F7D} = {981CBAF8-4F97-48A9-9A42-6682029D7508}
		{0B1A2F9D-1CCC-4F73-9136-8D1EE5ECEFE3} = {50ECA1E3-A0CF-4DC6-B0D9-AB5668D17EC3}
		{49078DE1-EAB9-4C56-9559-6CC9A8FB66B4} = {981CBAF8-4F97-48A9-9A42-6682029D7508}
		{DDF07355-77E6-4A07-A83C-B90EE1B2A763} = {50ECA1E3-A0CF-4DC6-B0D9-AB5668D17EC3}
		{43159571-287D-42E1-B262-A39DE07D6763} = {06762F99-9EA8-4E3E-91E8-73F2ED402CFB}
		{E4DC5C65-9956-4696-9B89-043B20029EAA} = {06762F99-9EA8-4E3E-91E8-73F2ED402CFB}
		{510DABE3-AE3B-CE56-66AF-C9EB88915EEC} = {50ECA1E3-A0CF-4DC6-B0D9-AB5668D17EC3}
	EndGlobalSection
	GlobalSection(ExtensibilityGlobals) = postSolution
		SolutionGuid = {9E2A0162-C6BF-4792-97DC-C8824F69B98C}
	EndGlobalSection
EndGlobal
