
Microsoft Visual Studio Solution File, Format Version 12.00
# Visual Studio Version 17
VisualStudioVersion = 17.1.32210.238
MinimumVisualStudioVersion = 10.0.40219.1
Project("{2150E333-8FDC-42A3-9474-1A3956D46DE8}") = "Plugins", "Plugins", "{50ECA1E3-A0CF-4DC6-B0D9-AB5668D17EC3}"
EndProject
Project("{2150E333-8FDC-42A3-9474-1A3956D46DE8}") = "Libraries", "Libraries", "{06762F99-9EA8-4E3E-91E8-73F2ED402CFB}"
EndProject
Project("{9A19103F-16F7-4668-BE54-9A1E7A4F7556}") = "RSBot.Core", "Library\RSBot.Core\RSBot.Core.csproj", "{84323C14-EB9F-44D9-8980-89C9F82DB4EE}"
EndProject
Project("{2150E333-8FDC-42A3-9474-1A3956D46DE8}") = "Botbases", "Botbases", "{981CBAF8-4F97-48A9-9A42-6682029D7508}"
EndProject
Project("{2150E333-8FDC-42A3-9474-1A3956D46DE8}") = "Application", "Application", "{AC1664CE-FD32-4A07-8C5C-0C96D973960C}"
EndProject
Project("{8BC9CEB8-8B4A-11D0-8D11-00A0C91BC942}") = "RSBot.Loader.Library", "Library\RSBot.Loader.Library\RSBot.Loader.Library.vcxproj", "{1C0AECF2-7A9C-4EEE-BDD2-AF257118EC65}"
EndProject
Project("{9A19103F-16F7-4668-BE54-9A1E7A4F7556}") = "RSBot.FileSystem", "Library\RSBot.FileSystem\RSBot.FileSystem.csproj", "{43159571-287D-42E1-B262-A39DE07D6763}"
EndProject
Project("{9A19103F-16F7-4668-BE54-9A1E7A4F7556}") = "RSBot.NavMeshApi", "Library\RSBot.NavMeshApi\RSBot.NavMeshApi.csproj", "{E4DC5C65-9956-4696-9B89-043B20029EAA}"
EndProject
Project("{FAE04EC0-301F-11D3-BF4B-00C04F79EFBC}") = "RSBot.Chat", "Plugins\RSBot.Chat\RSBot.Chat.csproj", "{42F9297E-5CFC-86A2-3361-D44DA3ACF5D8}"
EndProject
Project("{FAE04EC0-301F-11D3-BF4B-00C04F79EFBC}") = "RSBot.CommandCenter", "Plugins\RSBot.CommandCenter\RSBot.CommandCenter.csproj", "{81BDCF1F-A4C1-51C9-CA2D-B4E1D6877CA4}"
EndProject
Project("{FAE04EC0-301F-11D3-BF4B-00C04F79EFBC}") = "RSBot.Items.Avalonia", "Plugins\RSBot.Items.Avalonia\RSBot.Items.Avalonia.csproj", "{D88DC9B2-9426-1A4A-A7E0-54C35BE0B231}"
EndProject
Project("{FAE04EC0-301F-11D3-BF4B-00C04F79EFBC}") = "RSBot.Inventory.Avalonia", "Plugins\RSBot.Inventory.Avalonia\RSBot.Inventory.Avalonia.csproj", "{74625FB0-0F36-117B-4D4E-3580925D917E}"
EndProject
Project("{FAE04EC0-301F-11D3-BF4B-00C04F79EFBC}") = "RSBot.General", "Plugins\RSBot.General\RSBot.General.csproj", "{01600862-6803-9EA6-D437-BF58942EDF8D}"
EndProject
Project("{FAE04EC0-301F-11D3-BF4B-00C04F79EFBC}") = "RSBot.Log", "Plugins\RSBot.Log\RSBot.Log.csproj", "{A992B103-43DD-E897-8A01-AE1CBE7DA8CE}"
EndProject
Project("{FAE04EC0-301F-11D3-BF4B-00C04F79EFBC}") = "RSBot.Statistics", "Plugins\RSBot.Statistics\RSBot.Statistics.csproj", "{B946A2B4-6D61-ECED-42FD-85DA4CC7D283}"
EndProject
Project("{FAE04EC0-301F-11D3-BF4B-00C04F79EFBC}") = "RSBot.Protection", "Plugins\RSBot.Protection\RSBot.Protection.csproj", "{D9ADE422-62B7-F5B6-72FF-50032B789374}"
EndProject
Project("{FAE04EC0-301F-11D3-BF4B-00C04F79EFBC}") = "RSBot", "Application\RSBot\RSBot.csproj", "{86122460-9390-549D-B0EA-1A3B834409AD}"
EndProject
Global
	GlobalSection(SolutionConfigurationPlatforms) = preSolution
		Debug|Any CPU = Debug|Any CPU
		Debug|x64 = Debug|x64
		Debug|x86 = Debug|x86
		Release|Any CPU = Release|Any CPU
		Release|x64 = Release|x64
		Release|x86 = Release|x86
	EndGlobalSection
	GlobalSection(ProjectConfigurationPlatforms) = postSolution
		{84323C14-EB9F-44D9-8980-89C9F82DB4EE}.Debug|Any CPU.ActiveCfg = Debug|Any CPU
		{84323C14-EB9F-44D9-8980-89C9F82DB4EE}.Debug|Any CPU.Build.0 = Debug|Any CPU
		{84323C14-EB9F-44D9-8980-89C9F82DB4EE}.Debug|x64.ActiveCfg = Debug|Any CPU
		{84323C14-EB9F-44D9-8980-89C9F82DB4EE}.Debug|x64.Build.0 = Debug|Any CPU
		{84323C14-EB9F-44D9-8980-89C9F82DB4EE}.Debug|x86.ActiveCfg = Debug|Any CPU
		{84323C14-EB9F-44D9-8980-89C9F82DB4EE}.Debug|x86.Build.0 = Debug|Any CPU
		{84323C14-EB9F-44D9-8980-89C9F82DB4EE}.Release|Any CPU.ActiveCfg = Release|Any CPU
		{84323C14-EB9F-44D9-8980-89C9F82DB4EE}.Release|Any CPU.Build.0 = Release|Any CPU
		{84323C14-EB9F-44D9-8980-89C9F82DB4EE}.Release|x64.ActiveCfg = Release|Any CPU
		{84323C14-EB9F-44D9-8980-89C9F82DB4EE}.Release|x64.Build.0 = Release|Any CPU
		{84323C14-EB9F-44D9-8980-89C9F82DB4EE}.Release|x86.ActiveCfg = Release|Any CPU
		{84323C14-EB9F-44D9-8980-89C9F82DB4EE}.Release|x86.Build.0 = Release|Any CPU
		{1C0AECF2-7A9C-4EEE-BDD2-AF257118EC65}.Debug|Any CPU.ActiveCfg = Release|Win32
		{1C0AECF2-7A9C-4EEE-BDD2-AF257118EC65}.Debug|Any CPU.Build.0 = Release|Win32
		{1C0AECF2-7A9C-4EEE-BDD2-AF257118EC65}.Debug|x64.ActiveCfg = Release|x64
		{1C0AECF2-7A9C-4EEE-BDD2-AF257118EC65}.Debug|x64.Build.0 = Release|x64
		{1C0AECF2-7A9C-4EEE-BDD2-AF257118EC65}.Debug|x86.ActiveCfg = Release|Win32
		{1C0AECF2-7A9C-4EEE-BDD2-AF257118EC65}.Debug|x86.Build.0 = Release|Win32
		{1C0AECF2-7A9C-4EEE-BDD2-AF257118EC65}.Release|Any CPU.ActiveCfg = Release|Win32
		{1C0AECF2-7A9C-4EEE-BDD2-AF257118EC65}.Release|Any CPU.Build.0 = Release|Win32
		{1C0AECF2-7A9C-4EEE-BDD2-AF257118EC65}.Release|x64.ActiveCfg = Release|x64
		{1C0AECF2-7A9C-4EEE-BDD2-AF257118EC65}.Release|x64.Build.0 = Release|x64
		{1C0AECF2-7A9C-4EEE-BDD2-AF257118EC65}.Release|x86.ActiveCfg = Release|Win32
		{1C0AECF2-7A9C-4EEE-BDD2-AF257118EC65}.Release|x86.Build.0 = Release|Win32
		{43159571-287D-42E1-B262-A39DE07D6763}.Debug|Any CPU.ActiveCfg = Debug|Any CPU
		{43159571-287D-42E1-B262-A39DE07D6763}.Debug|Any CPU.Build.0 = Debug|Any CPU
		{43159571-287D-42E1-B262-A39DE07D6763}.Debug|x64.ActiveCfg = Debug|Any CPU
		{43159571-287D-42E1-B262-A39DE07D6763}.Debug|x64.Build.0 = Debug|Any CPU
		{43159571-287D-42E1-B262-A39DE07D6763}.Debug|x86.ActiveCfg = Debug|Any CPU
		{43159571-287D-42E1-B262-A39DE07D6763}.Debug|x86.Build.0 = Debug|Any CPU
		{43159571-287D-42E1-B262-A39DE07D6763}.Release|Any CPU.ActiveCfg = Release|Any CPU
		{43159571-287D-42E1-B262-A39DE07D6763}.Release|Any CPU.Build.0 = Release|Any CPU
		{43159571-287D-42E1-B262-A39DE07D6763}.Release|x64.ActiveCfg = Release|Any CPU
		{43159571-287D-42E1-B262-A39DE07D6763}.Release|x64.Build.0 = Release|Any CPU
		{43159571-287D-42E1-B262-A39DE07D6763}.Release|x86.ActiveCfg = Release|Any CPU
		{43159571-287D-42E1-B262-A39DE07D6763}.Release|x86.Build.0 = Release|Any CPU
		{E4DC5C65-9956-4696-9B89-043B20029EAA}.Debug|Any CPU.ActiveCfg = Debug|Any CPU
		{E4DC5C65-9956-4696-9B89-043B20029EAA}.Debug|Any CPU.Build.0 = Debug|Any CPU
		{E4DC5C65-9956-4696-9B89-043B20029EAA}.Debug|x64.ActiveCfg = Debug|Any CPU
		{E4DC5C65-9956-4696-9B89-043B20029EAA}.Debug|x64.Build.0 = Debug|Any CPU
		{E4DC5C65-9956-4696-9B89-043B20029EAA}.Debug|x86.ActiveCfg = Debug|Any CPU
		{E4DC5C65-9956-4696-9B89-043B20029EAA}.Debug|x86.Build.0 = Debug|Any CPU
		{E4DC5C65-9956-4696-9B89-043B20029EAA}.Release|Any CPU.ActiveCfg = Release|Any CPU
		{E4DC5C65-9956-4696-9B89-043B20029EAA}.Release|Any CPU.Build.0 = Release|Any CPU
		{E4DC5C65-9956-4696-9B89-043B20029EAA}.Release|x64.ActiveCfg = Release|Any CPU
		{E4DC5C65-9956-4696-9B89-043B20029EAA}.Release|x64.Build.0 = Release|Any CPU
		{E4DC5C65-9956-4696-9B89-043B20029EAA}.Release|x86.ActiveCfg = Release|Any CPU
		{E4DC5C65-9956-4696-9B89-043B20029EAA}.Release|x86.Build.0 = Release|Any CPU
		{42F9297E-5CFC-86A2-3361-D44DA3ACF5D8}.Debug|Any CPU.ActiveCfg = Debug|Any CPU
		{42F9297E-5CFC-86A2-3361-D44DA3ACF5D8}.Debug|Any CPU.Build.0 = Debug|Any CPU
		{42F9297E-5CFC-86A2-3361-D44DA3ACF5D8}.Debug|x64.ActiveCfg = Debug|Any CPU
		{42F9297E-5CFC-86A2-3361-D44DA3ACF5D8}.Debug|x64.Build.0 = Debug|Any CPU
		{42F9297E-5CFC-86A2-3361-D44DA3ACF5D8}.Debug|x86.ActiveCfg = Debug|Any CPU
		{42F9297E-5CFC-86A2-3361-D44DA3ACF5D8}.Debug|x86.Build.0 = Debug|Any CPU
		{42F9297E-5CFC-86A2-3361-D44DA3ACF5D8}.Release|Any CPU.ActiveCfg = Release|Any CPU
		{42F9297E-5CFC-86A2-3361-D44DA3ACF5D8}.Release|Any CPU.Build.0 = Release|Any CPU
		{42F9297E-5CFC-86A2-3361-D44DA3ACF5D8}.Release|x64.ActiveCfg = Release|Any CPU
		{42F9297E-5CFC-86A2-3361-D44DA3ACF5D8}.Release|x64.Build.0 = Release|Any CPU
		{42F9297E-5CFC-86A2-3361-D44DA3ACF5D8}.Release|x86.ActiveCfg = Release|Any CPU
		{42F9297E-5CFC-86A2-3361-D44DA3ACF5D8}.Release|x86.Build.0 = Release|Any CPU
		{81BDCF1F-A4C1-51C9-CA2D-B4E1D6877CA4}.Debug|Any CPU.ActiveCfg = Debug|Any CPU
		{81BDCF1F-A4C1-51C9-CA2D-B4E1D6877CA4}.Debug|Any CPU.Build.0 = Debug|Any CPU
		{81BDCF1F-A4C1-51C9-CA2D-B4E1D6877CA4}.Debug|x64.ActiveCfg = Debug|Any CPU
		{81BDCF1F-A4C1-51C9-CA2D-B4E1D6877CA4}.Debug|x64.Build.0 = Debug|Any CPU
		{81BDCF1F-A4C1-51C9-CA2D-B4E1D6877CA4}.Debug|x86.ActiveCfg = Debug|Any CPU
		{81BDCF1F-A4C1-51C9-CA2D-B4E1D6877CA4}.Debug|x86.Build.0 = Debug|Any CPU
		{81BDCF1F-A4C1-51C9-CA2D-B4E1D6877CA4}.Release|Any CPU.ActiveCfg = Release|Any CPU
		{81BDCF1F-A4C1-51C9-CA2D-B4E1D6877CA4}.Release|Any CPU.Build.0 = Release|Any CPU
		{81BDCF1F-A4C1-51C9-CA2D-B4E1D6877CA4}.Release|x64.ActiveCfg = Release|Any CPU
		{81BDCF1F-A4C1-51C9-CA2D-B4E1D6877CA4}.Release|x64.Build.0 = Release|Any CPU
		{81BDCF1F-A4C1-51C9-CA2D-B4E1D6877CA4}.Release|x86.ActiveCfg = Release|Any CPU
		{81BDCF1F-A4C1-51C9-CA2D-B4E1D6877CA4}.Release|x86.Build.0 = Release|Any CPU
		{D88DC9B2-9426-1A4A-A7E0-54C35BE0B231}.Debug|Any CPU.ActiveCfg = Debug|Any CPU
		{D88DC9B2-9426-1A4A-A7E0-54C35BE0B231}.Debug|Any CPU.Build.0 = Debug|Any CPU
		{D88DC9B2-9426-1A4A-A7E0-54C35BE0B231}.Debug|x64.ActiveCfg = Debug|Any CPU
		{D88DC9B2-9426-1A4A-A7E0-54C35BE0B231}.Debug|x64.Build.0 = Debug|Any CPU
		{D88DC9B2-9426-1A4A-A7E0-54C35BE0B231}.Debug|x86.ActiveCfg = Debug|Any CPU
		{D88DC9B2-9426-1A4A-A7E0-54C35BE0B231}.Debug|x86.Build.0 = Debug|Any CPU
		{D88DC9B2-9426-1A4A-A7E0-54C35BE0B231}.Release|Any CPU.ActiveCfg = Release|Any CPU
		{D88DC9B2-9426-1A4A-A7E0-54C35BE0B231}.Release|Any CPU.Build.0 = Release|Any CPU
		{D88DC9B2-9426-1A4A-A7E0-54C35BE0B231}.Release|x64.ActiveCfg = Release|Any CPU
		{D88DC9B2-9426-1A4A-A7E0-54C35BE0B231}.Release|x64.Build.0 = Release|Any CPU
		{D88DC9B2-9426-1A4A-A7E0-54C35BE0B231}.Release|x86.ActiveCfg = Release|Any CPU
		{D88DC9B2-9426-1A4A-A7E0-54C35BE0B231}.Release|x86.Build.0 = Release|Any CPU
		{74625FB0-0F36-117B-4D4E-3580925D917E}.Debug|Any CPU.ActiveCfg = Debug|Any CPU
		{74625FB0-0F36-117B-4D4E-3580925D917E}.Debug|Any CPU.Build.0 = Debug|Any CPU
		{74625FB0-0F36-117B-4D4E-3580925D917E}.Debug|x64.ActiveCfg = Debug|Any CPU
		{74625FB0-0F36-117B-4D4E-3580925D917E}.Debug|x64.Build.0 = Debug|Any CPU
		{74625FB0-0F36-117B-4D4E-3580925D917E}.Debug|x86.ActiveCfg = Debug|Any CPU
		{74625FB0-0F36-117B-4D4E-3580925D917E}.Debug|x86.Build.0 = Debug|Any CPU
		{74625FB0-0F36-117B-4D4E-3580925D917E}.Release|Any CPU.ActiveCfg = Release|Any CPU
		{74625FB0-0F36-117B-4D4E-3580925D917E}.Release|Any CPU.Build.0 = Release|Any CPU
		{74625FB0-0F36-117B-4D4E-3580925D917E}.Release|x64.ActiveCfg = Release|Any CPU
		{74625FB0-0F36-117B-4D4E-3580925D917E}.Release|x64.Build.0 = Release|Any CPU
		{74625FB0-0F36-117B-4D4E-3580925D917E}.Release|x86.ActiveCfg = Release|Any CPU
		{74625FB0-0F36-117B-4D4E-3580925D917E}.Release|x86.Build.0 = Release|Any CPU
		{01600862-6803-9EA6-D437-BF58942EDF8D}.Debug|Any CPU.ActiveCfg = Debug|Any CPU
		{01600862-6803-9EA6-D437-BF58942EDF8D}.Debug|Any CPU.Build.0 = Debug|Any CPU
		{01600862-6803-9EA6-D437-BF58942EDF8D}.Debug|x64.ActiveCfg = Debug|Any CPU
		{01600862-6803-9EA6-D437-BF58942EDF8D}.Debug|x64.Build.0 = Debug|Any CPU
		{01600862-6803-9EA6-D437-BF58942EDF8D}.Debug|x86.ActiveCfg = Debug|Any CPU
		{01600862-6803-9EA6-D437-BF58942EDF8D}.Debug|x86.Build.0 = Debug|Any CPU
		{01600862-6803-9EA6-D437-BF58942EDF8D}.Release|Any CPU.ActiveCfg = Release|Any CPU
		{01600862-6803-9EA6-D437-BF58942EDF8D}.Release|Any CPU.Build.0 = Release|Any CPU
		{01600862-6803-9EA6-D437-BF58942EDF8D}.Release|x64.ActiveCfg = Release|Any CPU
		{01600862-6803-9EA6-D437-BF58942EDF8D}.Release|x64.Build.0 = Release|Any CPU
		{01600862-6803-9EA6-D437-BF58942EDF8D}.Release|x86.ActiveCfg = Release|Any CPU
		{01600862-6803-9EA6-D437-BF58942EDF8D}.Release|x86.Build.0 = Release|Any CPU
		{A992B103-43DD-E897-8A01-AE1CBE7DA8CE}.Debug|Any CPU.ActiveCfg = Debug|Any CPU
		{A992B103-43DD-E897-8A01-AE1CBE7DA8CE}.Debug|Any CPU.Build.0 = Debug|Any CPU
		{A992B103-43DD-E897-8A01-AE1CBE7DA8CE}.Debug|x64.ActiveCfg = Debug|Any CPU
		{A992B103-43DD-E897-8A01-AE1CBE7DA8CE}.Debug|x64.Build.0 = Debug|Any CPU
		{A992B103-43DD-E897-8A01-AE1CBE7DA8CE}.Debug|x86.ActiveCfg = Debug|Any CPU
		{A992B103-43DD-E897-8A01-AE1CBE7DA8CE}.Debug|x86.Build.0 = Debug|Any CPU
		{A992B103-43DD-E897-8A01-AE1CBE7DA8CE}.Release|Any CPU.ActiveCfg = Release|Any CPU
		{A992B103-43DD-E897-8A01-AE1CBE7DA8CE}.Release|Any CPU.Build.0 = Release|Any CPU
		{A992B103-43DD-E897-8A01-AE1CBE7DA8CE}.Release|x64.ActiveCfg = Release|Any CPU
		{A992B103-43DD-E897-8A01-AE1CBE7DA8CE}.Release|x64.Build.0 = Release|Any CPU
		{A992B103-43DD-E897-8A01-AE1CBE7DA8CE}.Release|x86.ActiveCfg = Release|Any CPU
		{A992B103-43DD-E897-8A01-AE1CBE7DA8CE}.Release|x86.Build.0 = Release|Any CPU
		{B946A2B4-6D61-ECED-42FD-85DA4CC7D283}.Debug|Any CPU.ActiveCfg = Debug|Any CPU
		{B946A2B4-6D61-ECED-42FD-85DA4CC7D283}.Debug|Any CPU.Build.0 = Debug|Any CPU
		{B946A2B4-6D61-ECED-42FD-85DA4CC7D283}.Debug|x64.ActiveCfg = Debug|Any CPU
		{B946A2B4-6D61-ECED-42FD-85DA4CC7D283}.Debug|x64.Build.0 = Debug|Any CPU
		{B946A2B4-6D61-ECED-42FD-85DA4CC7D283}.Debug|x86.ActiveCfg = Debug|Any CPU
		{B946A2B4-6D61-ECED-42FD-85DA4CC7D283}.Debug|x86.Build.0 = Debug|Any CPU
		{B946A2B4-6D61-ECED-42FD-85DA4CC7D283}.Release|Any CPU.ActiveCfg = Release|Any CPU
		{B946A2B4-6D61-ECED-42FD-85DA4CC7D283}.Release|Any CPU.Build.0 = Release|Any CPU
		{B946A2B4-6D61-ECED-42FD-85DA4CC7D283}.Release|x64.ActiveCfg = Release|Any CPU
		{B946A2B4-6D61-ECED-42FD-85DA4CC7D283}.Release|x64.Build.0 = Release|Any CPU
		{B946A2B4-6D61-ECED-42FD-85DA4CC7D283}.Release|x86.ActiveCfg = Release|Any CPU
		{B946A2B4-6D61-ECED-42FD-85DA4CC7D283}.Release|x86.Build.0 = Release|Any CPU
		{D9ADE422-62B7-F5B6-72FF-50032B789374}.Debug|Any CPU.ActiveCfg = Debug|Any CPU
		{D9ADE422-62B7-F5B6-72FF-50032B789374}.Debug|Any CPU.Build.0 = Debug|Any CPU
		{D9ADE422-62B7-F5B6-72FF-50032B789374}.Debug|x64.ActiveCfg = Debug|Any CPU
		{D9ADE422-62B7-F5B6-72FF-50032B789374}.Debug|x64.Build.0 = Debug|Any CPU
		{D9ADE422-62B7-F5B6-72FF-50032B789374}.Debug|x86.ActiveCfg = Debug|Any CPU
		{D9ADE422-62B7-F5B6-72FF-50032B789374}.Debug|x86.Build.0 = Debug|Any CPU
		{D9ADE422-62B7-F5B6-72FF-50032B789374}.Release|Any CPU.ActiveCfg = Release|Any CPU
		{D9ADE422-62B7-F5B6-72FF-50032B789374}.Release|Any CPU.Build.0 = Release|Any CPU
		{D9ADE422-62B7-F5B6-72FF-50032B789374}.Release|x64.ActiveCfg = Release|Any CPU
		{D9ADE422-62B7-F5B6-72FF-50032B789374}.Release|x64.Build.0 = Release|Any CPU
		{D9ADE422-62B7-F5B6-72FF-50032B789374}.Release|x86.ActiveCfg = Release|Any CPU
		{D9ADE422-62B7-F5B6-72FF-50032B789374}.Release|x86.Build.0 = Release|Any CPU
		{86122460-9390-549D-B0EA-1A3B834409AD}.Debug|Any CPU.ActiveCfg = Debug|Any CPU
		{86122460-9390-549D-B0EA-1A3B834409AD}.Debug|Any CPU.Build.0 = Debug|Any CPU
		{86122460-9390-549D-B0EA-1A3B834409AD}.Debug|x64.ActiveCfg = Debug|Any CPU
		{86122460-9390-549D-B0EA-1A3B834409AD}.Debug|x64.Build.0 = Debug|Any CPU
		{86122460-9390-549D-B0EA-1A3B834409AD}.Debug|x86.ActiveCfg = Debug|Any CPU
		{86122460-9390-549D-B0EA-1A3B834409AD}.Debug|x86.Build.0 = Debug|Any CPU
		{86122460-9390-549D-B0EA-1A3B834409AD}.Release|Any CPU.ActiveCfg = Release|Any CPU
		{86122460-9390-549D-B0EA-1A3B834409AD}.Release|Any CPU.Build.0 = Release|Any CPU
		{86122460-9390-549D-B0EA-1A3B834409AD}.Release|x64.ActiveCfg = Release|Any CPU
		{86122460-9390-549D-B0EA-1A3B834409AD}.Release|x64.Build.0 = Release|Any CPU
		{86122460-9390-549D-B0EA-1A3B834409AD}.Release|x86.ActiveCfg = Release|Any CPU
		{86122460-9390-549D-B0EA-1A3B834409AD}.Release|x86.Build.0 = Release|Any CPU
	EndGlobalSection
	GlobalSection(SolutionProperties) = preSolution
		HideSolutionNode = FALSE
	EndGlobalSection
	GlobalSection(NestedProjects) = preSolution
		{84323C14-EB9F-44D9-8980-89C9F82DB4EE} = {06762F99-9EA8-4E3E-91E8-73F2ED402CFB}
		{1C0AECF2-7A9C-4EEE-BDD2-AF257118EC65} = {06762F99-9EA8-4E3E-91E8-73F2ED402CFB}
		{43159571-287D-42E1-B262-A39DE07D6763} = {06762F99-9EA8-4E3E-91E8-73F2ED402CFB}
		{E4DC5C65-9956-4696-9B89-043B20029EAA} = {06762F99-9EA8-4E3E-91E8-73F2ED402CFB}
		{42F9297E-5CFC-86A2-3361-D44DA3ACF5D8} = {50ECA1E3-A0CF-4DC6-B0D9-AB5668D17EC3}
		{81BDCF1F-A4C1-51C9-CA2D-B4E1D6877CA4} = {50ECA1E3-A0CF-4DC6-B0D9-AB5668D17EC3}
		{D88DC9B2-9426-1A4A-A7E0-54C35BE0B231} = {50ECA1E3-A0CF-4DC6-B0D9-AB5668D17EC3}
		{74625FB0-0F36-117B-4D4E-3580925D917E} = {50ECA1E3-A0CF-4DC6-B0D9-AB5668D17EC3}
		{01600862-6803-9EA6-D437-BF58942EDF8D} = {50ECA1E3-A0CF-4DC6-B0D9-AB5668D17EC3}
		{A992B103-43DD-E897-8A01-AE1CBE7DA8CE} = {50ECA1E3-A0CF-4DC6-B0D9-AB5668D17EC3}
		{B946A2B4-6D61-ECED-42FD-85DA4CC7D283} = {50ECA1E3-A0CF-4DC6-B0D9-AB5668D17EC3}
		{D9ADE422-62B7-F5B6-72FF-50032B789374} = {50ECA1E3-A0CF-4DC6-B0D9-AB5668D17EC3}
		{86122460-9390-549D-B0EA-1A3B834409AD} = {AC1664CE-FD32-4A07-8C5C-0C96D973960C}
	EndGlobalSection
	GlobalSection(ExtensibilityGlobals) = postSolution
		SolutionGuid = {9E2A0162-C6BF-4792-97DC-C8824F69B98C}
	EndGlobalSection
EndGlobal
